
Microsoft Visual Studio Solution File, Format Version 12.00
# Visual Studio Version 16
VisualStudioVersion = 16.0.36227.6
MinimumVisualStudioVersion = 10.0.40219.1
Project("{8BC9CEB8-8B4A-11D0-8D11-00A0C91BC942}") = "Lecture01", "Lecture01\Lecture01.vcxproj", "{28316EE1-928D-473A-BB7A-C5F27C793708}"
EndProject
Project("{8BC9CEB8-8B4A-11D0-8D11-00A0C91BC942}") = "Lecture02", "Lecture02\Lecture02.vcxproj", "{F15BB661-2383-4938-BA86-D0CED9D25BB8}"
EndProject
Project("{8BC9CEB8-8B4A-11D0-8D11-00A0C91BC942}") = "Lecture03", "Lecture03\Lecture03.vcxproj", "{D947A63C-1A6E-4B47-9429-47D5EEFA373B}"
EndProject
Project("{8BC9CEB8-8B4A-11D0-8D11-00A0C91BC942}") = "Lecture04", "Lecture04\Lecture04.vcxproj", "{CFD88747-A298-450A-B870-315E6EBD7415}"
EndProject
Project("{8BC9CEB8-8B4A-11D0-8D11-00A0C91BC942}") = "Lecture05", "Lecture05\Lecture05.vcxproj", "{281C130A-441B-4567-BCCA-A8A40D30741A}"
EndProject
Project("{8BC9CEB8-8B4A-11D0-8D11-00A0C91BC942}") = "Lecture06", "Lecture06\Lecture06.vcxproj", "{E26A6B67-E00C-4C82-8941-B4C68833D8F9}"
EndProject
Project("{8BC9CEB8-8B4A-11D0-8D11-00A0C91BC942}") = "Lecture07", "Lecture07\Lecture07.vcxproj", "{5DA2FB99-7069-4E8F-A2B7-A814C0FD9564}"
EndProject
Project("{8BC9CEB8-8B4A-11D0-8D11-00A0C91BC942}") = "Lecture08", "Lecture08\Lecture08.vcxproj", "{EAF13F51-FC33-474A-B9C1-1B20514AC15D}"
EndProject
Project("{8BC9CEB8-8B4A-11D0-8D11-00A0C91BC942}") = "Lecture09", "Lecture09\Lecture09.vcxproj", "{55C585EB-CFAB-42F2-B85F-6603355B2BCD}"
EndProject
Project("{8BC9CEB8-8B4A-11D0-8D11-00A0C91BC942}") = "Lecture10", "Lecture10\Lecture10.vcxproj", "{09855C01-B7D4-4D95-88CB-78FC55AE9CFD}"
EndProject
Global
	GlobalSection(SolutionConfigurationPlatforms) = preSolution
		Debug|x64 = Debug|x64
		Debug|x86 = Debug|x86
		Release|x64 = Release|x64
		Release|x86 = Release|x86
	EndGlobalSection
	GlobalSection(ProjectConfigurationPlatforms) = postSolution
		{28316EE1-928D-473A-BB7A-C5F27C793708}.Debug|x64.ActiveCfg = Debug|x64
		{28316EE1-928D-473A-BB7A-C5F27C793708}.Debug|x64.Build.0 = Debug|x64
		{28316EE1-928D-473A-BB7A-C5F27C793708}.Debug|x86.ActiveCfg = Debug|Win32
		{28316EE1-928D-473A-BB7A-C5F27C793708}.Debug|x86.Build.0 = Debug|Win32
		{28316EE1-928D-473A-BB7A-C5F27C793708}.Release|x64.ActiveCfg = Release|x64
		{28316EE1-928D-473A-BB7A-C5F27C793708}.Release|x64.Build.0 = Release|x64
		{28316EE1-928D-473A-BB7A-C5F27C793708}.Release|x86.ActiveCfg = Release|Win32
		{28316EE1-928D-473A-BB7A-C5F27C793708}.Release|x86.Build.0 = Release|Win32
		{F15BB661-2383-4938-BA86-D0CED9D25BB8}.Debug|x64.ActiveCfg = Debug|x64
		{F15BB661-2383-4938-BA86-D0CED9D25BB8}.Debug|x64.Build.0 = Debug|x64
		{F15BB661-2383-4938-BA86-D0CED9D25BB8}.Debug|x86.ActiveCfg = Debug|Win32
		{F15BB661-2383-4938-BA86-D0CED9D25BB8}.Debug|x86.Build.0 = Debug|Win32
		{F15BB661-2383-4938-BA86-D0CED9D25BB8}.Release|x64.ActiveCfg = Release|x64
		{F15BB661-2383-4938-BA86-D0CED9D25BB8}.Release|x64.Build.0 = Release|x64
		{F15BB661-2383-4938-BA86-D0CED9D25BB8}.Release|x86.ActiveCfg = Release|Win32
		{F15BB661-2383-4938-BA86-D0CED9D25BB8}.Release|x86.Build.0 = Release|Win32
		{D947A63C-1A6E-4B47-9429-47D5EEFA373B}.Debug|x64.ActiveCfg = Debug|x64
		{D947A63C-1A6E-4B47-9429-47D5EEFA373B}.Debug|x64.Build.0 = Debug|x64
		{D947A63C-1A6E-4B47-9429-47D5EEFA373B}.Debug|x86.ActiveCfg = Debug|Win32
		{D947A63C-1A6E-4B47-9429-47D5EEFA373B}.Debug|x86.Build.0 = Debug|Win32
		{D947A63C-1A6E-4B47-9429-47D5EEFA373B}.Release|x64.ActiveCfg = Release|x64
		{D947A63C-1A6E-4B47-9429-47D5EEFA373B}.Release|x64.Build.0 = Release|x64
		{D947A63C-1A6E-4B47-9429-47D5EEFA373B}.Release|x86.ActiveCfg = Release|Win32
		{D947A63C-1A6E-4B47-9429-47D5EEFA373B}.Release|x86.Build.0 = Release|Win32
		{CFD88747-A298-450A-B870-315E6EBD7415}.Debug|x64.ActiveCfg = Debug|x64
		{CFD88747-A298-450A-B870-315E6EBD7415}.Debug|x64.Build.0 = Debug|x64
		{CFD88747-A298-450A-B870-315E6EBD7415}.Debug|x86.ActiveCfg = Debug|Win32
		{CFD88747-A298-450A-B870-315E6EBD7415}.Debug|x86.Build.0 = Debug|Win32
		{CFD88747-A298-450A-B870-315E6EBD7415}.Release|x64.ActiveCfg = Release|x64
		{CFD88747-A298-450A-B870-315E6EBD7415}.Release|x64.Build.0 = Release|x64
		{CFD88747-A298-450A-B870-315E6EBD7415}.Release|x86.ActiveCfg = Release|Win32
		{CFD88747-A298-450A-B870-315E6EBD7415}.Release|x86.Build.0 = Release|Win32
		{281C130A-441B-4567-BCCA-A8A40D30741A}.Debug|x64.ActiveCfg = Debug|x64
		{281C130A-441B-4567-BCCA-A8A40D30741A}.Debug|x64.Build.0 = Debug|x64
		{281C130A-441B-4567-BCCA-A8A40D30741A}.Debug|x86.ActiveCfg = Debug|Win32
		{281C130A-441B-4567-BCCA-A8A40D30741A}.Debug|x86.Build.0 = Debug|Win32
		{281C130A-441B-4567-BCCA-A8A40D30741A}.Release|x64.ActiveCfg = Release|x64
		{281C130A-441B-4567-BCCA-A8A40D30741A}.Release|x64.Build.0 = Release|x64
		{281C130A-441B-4567-BCCA-A8A40D30741A}.Release|x86.ActiveCfg = Release|Win32
		{281C130A-441B-4567-BCCA-A8A40D30741A}.Release|x86.Build.0 = Release|Win32
		{E26A6B67-E00C-4C82-8941-B4C68833D8F9}.Debug|x64.ActiveCfg = Debug|x64
		{E26A6B67-E00C-4C82-8941-B4C68833D8F9}.Debug|x64.Build.0 = Debug|x64
		{E26A6B67-E00C-4C82-8941-B4C68833D8F9}.Debug|x86.ActiveCfg = Debug|Win32
		{E26A6B67-E00C-4C82-8941-B4C68833D8F9}.Debug|x86.Build.0 = Debug|Win32
		{E26A6B67-E00C-4C82-8941-B4C68833D8F9}.Release|x64.ActiveCfg = Release|x64
		{E26A6B67-E00C-4C82-8941-B4C68833D8F9}.Release|x64.Build.0 = Release|x64
		{E26A6B67-E00C-4C82-8941-B4C68833D8F9}.Release|x86.ActiveCfg = Release|Win32
		{E26A6B67-E00C-4C82-8941-B4C68833D8F9}.Release|x86.Build.0 = Release|Win32
		{5DA2FB99-7069-4E8F-A2B7-A814C0FD9564}.Debug|x64.ActiveCfg = Debug|x64
		{5DA2FB99-7069-4E8F-A2B7-A814C0FD9564}.Debug|x64.Build.0 = Debug|x64
		{5DA2FB99-7069-4E8F-A2B7-A814C0FD9564}.Debug|x86.ActiveCfg = Debug|Win32
		{5DA2FB99-7069-4E8F-A2B7-A814C0FD9564}.Debug|x86.Build.0 = Debug|Win32
		{5DA2FB99-7069-4E8F-A2B7-A814C0FD9564}.Release|x64.ActiveCfg = Release|x64
		{5DA2FB99-7069-4E8F-A2B7-A814C0FD9564}.Release|x64.Build.0 = Release|x64
		{5DA2FB99-7069-4E8F-A2B7-A814C0FD9564}.Release|x86.ActiveCfg = Release|Win32
		{5DA2FB99-7069-4E8F-A2B7-A814C0FD9564}.Release|x86.Build.0 = Release|Win32
		{EAF13F51-FC33-474A-B9C1-1B20514AC15D}.Debug|x64.ActiveCfg = Debug|x64
		{EAF13F51-FC33-474A-B9C1-1B20514AC15D}.Debug|x64.Build.0 = Debug|x64
		{EAF13F51-FC33-474A-B9C1-1B20514AC15D}.Debug|x86.ActiveCfg = Debug|Win32
		{EAF13F51-FC33-474A-B9C1-1B20514AC15D}.Debug|x86.Build.0 = Debug|Win32
		{EAF13F51-FC33-474A-B9C1-1B20514AC15D}.Release|x64.ActiveCfg = Release|x64
		{EAF13F51-FC33-474A-B9C1-1B20514AC15D}.Release|x64.Build.0 = Release|x64
		{EAF13F51-FC33-474A-B9C1-1B20514AC15D}.Release|x86.ActiveCfg = Release|Win32
		{EAF13F51-FC33-474A-B9C1-1B20514AC15D}.Release|x86.Build.0 = Release|Win32
		{55C585EB-CFAB-42F2-B85F-6603355B2BCD}.Debug|x64.ActiveCfg = Debug|x64
		{55C585EB-CFAB-42F2-B85F-6603355B2BCD}.Debug|x64.Build.0 = Debug|x64
		{55C585EB-CFAB-42F2-B85F-6603355B2BCD}.Debug|x86.ActiveCfg = Debug|Win32
		{55C585EB-CFAB-42F2-B85F-6603355B2BCD}.Debug|x86.Build.0 = Debug|Win32
		{55C585EB-CFAB-42F2-B85F-6603355B2BCD}.Release|x64.ActiveCfg = Release|x64
		{55C585EB-CFAB-42F2-B85F-6603355B2BCD}.Release|x64.Build.0 = Release|x64
		{55C585EB-CFAB-42F2-B85F-6603355B2BCD}.Release|x86.ActiveCfg = Release|Win32
		{55C585EB-CFAB-42F2-B85F-6603355B2BCD}.Release|x86.Build.0 = Release|Win32
		{09855C01-B7D4-4D95-88CB-78FC55AE9CFD}.Debug|x64.ActiveCfg = Debug|x64
		{09855C01-B7D4-4D95-88CB-78FC55AE9CFD}.Debug|x64.Build.0 = Debug|x64
		{09855C01-B7D4-4D95-88CB-78FC55AE9CFD}.Debug|x86.ActiveCfg = Debug|Win32
		{09855C01-B7D4-4D95-88CB-78FC55AE9CFD}.Debug|x86.Build.0 = Debug|Win32
		{09855C01-B7D4-4D95-88CB-78FC55AE9CFD}.Release|x64.ActiveCfg = Release|x64
		{09855C01-B7D4-4D95-88CB-78FC55AE9CFD}.Release|x64.Build.0 = Release|x64
		{09855C01-B7D4-4D95-88CB-78FC55AE9CFD}.Release|x86.ActiveCfg = Release|Win32
		{09855C01-B7D4-4D95-88CB-78FC55AE9CFD}.Release|x86.Build.0 = Release|Win32
	EndGlobalSection
	GlobalSection(SolutionProperties) = preSolution
		HideSolutionNode = FALSE
	EndGlobalSection
	GlobalSection(ExtensibilityGlobals) = postSolution
		SolutionGuid = {67AFFFA1-144C-4961-9514-E9284DB1559D}
	EndGlobalSection
EndGlobal
