
Microsoft Visual Studio Solution File, Format Version 12.00
# Visual Studio Version 16
VisualStudioVersion = 16.0.35826.135
MinimumVisualStudioVersion = 10.0.40219.1
Project("{8BC9CEB8-8B4A-11D0-8D11-00A0C91BC942}") = "Lecture10", "Lecture10\Lecture10.vcxproj", "{779C3CED-0C9E-4CC9-A151-6967FEC11B1B}"
EndProject
Project("{8BC9CEB8-8B4A-11D0-8D11-00A0C91BC942}") = "Lecture11", "Lecture11\Lecture11.vcxproj", "{ECD5D59B-BB6A-456B-A9FA-1DE01E25FA99}"
EndProject
Project("{8BC9CEB8-8B4A-11D0-8D11-00A0C91BC942}") = "Lecture12", "Lecture12\Lecture12.vcxproj", "{84BCA099-811D-4E02-86F5-16096D248CC7}"
EndProject
Project("{8BC9CEB8-8B4A-11D0-8D11-00A0C91BC942}") = "Lecture13", "Lecture13\Lecture13.vcxproj", "{E6A41628-750B-4635-AE0C-A0B17AF20BD8}"
EndProject
Project("{8BC9CEB8-8B4A-11D0-8D11-00A0C91BC942}") = "Lecture14", "Lecture14\Lecture14.vcxproj", "{7C6B45E0-D3D2-4A29-B8D6-828C17FC0DBB}"
EndProject
Project("{8BC9CEB8-8B4A-11D0-8D11-00A0C91BC942}") = "Lecture01", "Lecture01\Lecture1.vcxproj", "{B1679A78-3BF3-40DC-9DCD-F270FA90574C}"
EndProject
Project("{8BC9CEB8-8B4A-11D0-8D11-00A0C91BC942}") = "Lecture02", "Lecture02\Lecture2.vcxproj", "{5B3F7EE7-1287-4CA5-95BF-CDEEA2E4434A}"
EndProject
Project("{8BC9CEB8-8B4A-11D0-8D11-00A0C91BC942}") = "Lecture03", "Lecture03\Lecture3.vcxproj", "{BB7FF3E5-B1BC-4A82-A79C-F361241A267F}"
EndProject
Project("{8BC9CEB8-8B4A-11D0-8D11-00A0C91BC942}") = "Lecture04", "Lecture04\Lecture4.vcxproj", "{3F4E8ED8-DFAA-4DCE-BC8D-BA65AF082F52}"
EndProject
Project("{8BC9CEB8-8B4A-11D0-8D11-00A0C91BC942}") = "Lecture05", "Lecture05\Lecture5.vcxproj", "{D56B507B-072A-4744-8D7C-A1E4A39D5F3B}"
EndProject
Project("{8BC9CEB8-8B4A-11D0-8D11-00A0C91BC942}") = "Lecture06", "Lecture06\Lecture6.vcxproj", "{7AF27707-D39C-47B0-A21E-1195EC28393E}"
EndProject
Project("{8BC9CEB8-8B4A-11D0-8D11-00A0C91BC942}") = "Lecture07", "Lecture07\Lecture7.vcxproj", "{43D5EED0-33A4-42FF-874F-D5C89B48E55A}"
EndProject
Project("{8BC9CEB8-8B4A-11D0-8D11-00A0C91BC942}") = "Lecture08", "Lecture08\Lecture8.vcxproj", "{A89331F5-D39F-4928-9249-200497304B67}"
EndProject
Project("{8BC9CEB8-8B4A-11D0-8D11-00A0C91BC942}") = "Lecture09", "Lecture09\Lecture9.vcxproj", "{217A7C1B-8552-4A77-B408-BAFCB6D63522}"
EndProject
Global
	GlobalSection(SolutionConfigurationPlatforms) = preSolution
		Debug|x64 = Debug|x64
		Debug|x86 = Debug|x86
		Release|x64 = Release|x64
		Release|x86 = Release|x86
	EndGlobalSection
	GlobalSection(ProjectConfigurationPlatforms) = postSolution
		{779C3CED-0C9E-4CC9-A151-6967FEC11B1B}.Debug|x64.ActiveCfg = Debug|x64
		{779C3CED-0C9E-4CC9-A151-6967FEC11B1B}.Debug|x64.Build.0 = Debug|x64
		{779C3CED-0C9E-4CC9-A151-6967FEC11B1B}.Debug|x86.ActiveCfg = Debug|Win32
		{779C3CED-0C9E-4CC9-A151-6967FEC11B1B}.Debug|x86.Build.0 = Debug|Win32
		{779C3CED-0C9E-4CC9-A151-6967FEC11B1B}.Release|x64.ActiveCfg = Release|x64
		{779C3CED-0C9E-4CC9-A151-6967FEC11B1B}.Release|x64.Build.0 = Release|x64
		{779C3CED-0C9E-4CC9-A151-6967FEC11B1B}.Release|x86.ActiveCfg = Release|Win32
		{779C3CED-0C9E-4CC9-A151-6967FEC11B1B}.Release|x86.Build.0 = Release|Win32
		{ECD5D59B-BB6A-456B-A9FA-1DE01E25FA99}.Debug|x64.ActiveCfg = Debug|x64
		{ECD5D59B-BB6A-456B-A9FA-1DE01E25FA99}.Debug|x64.Build.0 = Debug|x64
		{ECD5D59B-BB6A-456B-A9FA-1DE01E25FA99}.Debug|x86.ActiveCfg = Debug|Win32
		{ECD5D59B-BB6A-456B-A9FA-1DE01E25FA99}.Debug|x86.Build.0 = Debug|Win32
		{ECD5D59B-BB6A-456B-A9FA-1DE01E25FA99}.Release|x64.ActiveCfg = Release|x64
		{ECD5D59B-BB6A-456B-A9FA-1DE01E25FA99}.Release|x64.Build.0 = Release|x64
		{ECD5D59B-BB6A-456B-A9FA-1DE01E25FA99}.Release|x86.ActiveCfg = Release|Win32
		{ECD5D59B-BB6A-456B-A9FA-1DE01E25FA99}.Release|x86.Build.0 = Release|Win32
		{84BCA099-811D-4E02-86F5-16096D248CC7}.Debug|x64.ActiveCfg = Debug|x64
		{84BCA099-811D-4E02-86F5-16096D248CC7}.Debug|x64.Build.0 = Debug|x64
		{84BCA099-811D-4E02-86F5-16096D248CC7}.Debug|x86.ActiveCfg = Debug|Win32
		{84BCA099-811D-4E02-86F5-16096D248CC7}.Debug|x86.Build.0 = Debug|Win32
		{84BCA099-811D-4E02-86F5-16096D248CC7}.Release|x64.ActiveCfg = Release|x64
		{84BCA099-811D-4E02-86F5-16096D248CC7}.Release|x64.Build.0 = Release|x64
		{84BCA099-811D-4E02-86F5-16096D248CC7}.Release|x86.ActiveCfg = Release|Win32
		{84BCA099-811D-4E02-86F5-16096D248CC7}.Release|x86.Build.0 = Release|Win32
		{E6A41628-750B-4635-AE0C-A0B17AF20BD8}.Debug|x64.ActiveCfg = Debug|x64
		{E6A41628-750B-4635-AE0C-A0B17AF20BD8}.Debug|x64.Build.0 = Debug|x64
		{E6A41628-750B-4635-AE0C-A0B17AF20BD8}.Debug|x86.ActiveCfg = Debug|Win32
		{E6A41628-750B-4635-AE0C-A0B17AF20BD8}.Debug|x86.Build.0 = Debug|Win32
		{E6A41628-750B-4635-AE0C-A0B17AF20BD8}.Release|x64.ActiveCfg = Release|x64
		{E6A41628-750B-4635-AE0C-A0B17AF20BD8}.Release|x64.Build.0 = Release|x64
		{E6A41628-750B-4635-AE0C-A0B17AF20BD8}.Release|x86.ActiveCfg = Release|Win32
		{E6A41628-750B-4635-AE0C-A0B17AF20BD8}.Release|x86.Build.0 = Release|Win32
		{7C6B45E0-D3D2-4A29-B8D6-828C17FC0DBB}.Debug|x64.ActiveCfg = Debug|x64
		{7C6B45E0-D3D2-4A29-B8D6-828C17FC0DBB}.Debug|x64.Build.0 = Debug|x64
		{7C6B45E0-D3D2-4A29-B8D6-828C17FC0DBB}.Debug|x86.ActiveCfg = Debug|Win32
		{7C6B45E0-D3D2-4A29-B8D6-828C17FC0DBB}.Debug|x86.Build.0 = Debug|Win32
		{7C6B45E0-D3D2-4A29-B8D6-828C17FC0DBB}.Release|x64.ActiveCfg = Release|x64
		{7C6B45E0-D3D2-4A29-B8D6-828C17FC0DBB}.Release|x64.Build.0 = Release|x64
		{7C6B45E0-D3D2-4A29-B8D6-828C17FC0DBB}.Release|x86.ActiveCfg = Release|Win32
		{7C6B45E0-D3D2-4A29-B8D6-828C17FC0DBB}.Release|x86.Build.0 = Release|Win32
		{B1679A78-3BF3-40DC-9DCD-F270FA90574C}.Debug|x64.ActiveCfg = Debug|x64
		{B1679A78-3BF3-40DC-9DCD-F270FA90574C}.Debug|x64.Build.0 = Debug|x64
		{B1679A78-3BF3-40DC-9DCD-F270FA90574C}.Debug|x86.ActiveCfg = Debug|Win32
		{B1679A78-3BF3-40DC-9DCD-F270FA90574C}.Debug|x86.Build.0 = Debug|Win32
		{B1679A78-3BF3-40DC-9DCD-F270FA90574C}.Release|x64.ActiveCfg = Release|x64
		{B1679A78-3BF3-40DC-9DCD-F270FA90574C}.Release|x64.Build.0 = Release|x64
		{B1679A78-3BF3-40DC-9DCD-F270FA90574C}.Release|x86.ActiveCfg = Release|Win32
		{B1679A78-3BF3-40DC-9DCD-F270FA90574C}.Release|x86.Build.0 = Release|Win32
		{5B3F7EE7-1287-4CA5-95BF-CDEEA2E4434A}.Debug|x64.ActiveCfg = Debug|x64
		{5B3F7EE7-1287-4CA5-95BF-CDEEA2E4434A}.Debug|x64.Build.0 = Debug|x64
		{5B3F7EE7-1287-4CA5-95BF-CDEEA2E4434A}.Debug|x86.ActiveCfg = Debug|Win32
		{5B3F7EE7-1287-4CA5-95BF-CDEEA2E4434A}.Debug|x86.Build.0 = Debug|Win32
		{5B3F7EE7-1287-4CA5-95BF-CDEEA2E4434A}.Release|x64.ActiveCfg = Release|x64
		{5B3F7EE7-1287-4CA5-95BF-CDEEA2E4434A}.Release|x64.Build.0 = Release|x64
		{5B3F7EE7-1287-4CA5-95BF-CDEEA2E4434A}.Release|x86.ActiveCfg = Release|Win32
		{5B3F7EE7-1287-4CA5-95BF-CDEEA2E4434A}.Release|x86.Build.0 = Release|Win32
		{BB7FF3E5-B1BC-4A82-A79C-F361241A267F}.Debug|x64.ActiveCfg = Debug|x64
		{BB7FF3E5-B1BC-4A82-A79C-F361241A267F}.Debug|x64.Build.0 = Debug|x64
		{BB7FF3E5-B1BC-4A82-A79C-F361241A267F}.Debug|x86.ActiveCfg = Debug|Win32
		{BB7FF3E5-B1BC-4A82-A79C-F361241A267F}.Debug|x86.Build.0 = Debug|Win32
		{BB7FF3E5-B1BC-4A82-A79C-F361241A267F}.Release|x64.ActiveCfg = Release|x64
		{BB7FF3E5-B1BC-4A82-A79C-F361241A267F}.Release|x64.Build.0 = Release|x64
		{BB7FF3E5-B1BC-4A82-A79C-F361241A267F}.Release|x86.ActiveCfg = Release|Win32
		{BB7FF3E5-B1BC-4A82-A79C-F361241A267F}.Release|x86.Build.0 = Release|Win32
		{3F4E8ED8-DFAA-4DCE-BC8D-BA65AF082F52}.Debug|x64.ActiveCfg = Debug|x64
		{3F4E8ED8-DFAA-4DCE-BC8D-BA65AF082F52}.Debug|x64.Build.0 = Debug|x64
		{3F4E8ED8-DFAA-4DCE-BC8D-BA65AF082F52}.Debug|x86.ActiveCfg = Debug|Win32
		{3F4E8ED8-DFAA-4DCE-BC8D-BA65AF082F52}.Debug|x86.Build.0 = Debug|Win32
		{3F4E8ED8-DFAA-4DCE-BC8D-BA65AF082F52}.Release|x64.ActiveCfg = Release|x64
		{3F4E8ED8-DFAA-4DCE-BC8D-BA65AF082F52}.Release|x64.Build.0 = Release|x64
		{3F4E8ED8-DFAA-4DCE-BC8D-BA65AF082F52}.Release|x86.ActiveCfg = Release|Win32
		{3F4E8ED8-DFAA-4DCE-BC8D-BA65AF082F52}.Release|x86.Build.0 = Release|Win32
		{D56B507B-072A-4744-8D7C-A1E4A39D5F3B}.Debug|x64.ActiveCfg = Debug|x64
		{D56B507B-072A-4744-8D7C-A1E4A39D5F3B}.Debug|x64.Build.0 = Debug|x64
		{D56B507B-072A-4744-8D7C-A1E4A39D5F3B}.Debug|x86.ActiveCfg = Debug|Win32
		{D56B507B-072A-4744-8D7C-A1E4A39D5F3B}.Debug|x86.Build.0 = Debug|Win32
		{D56B507B-072A-4744-8D7C-A1E4A39D5F3B}.Release|x64.ActiveCfg = Release|x64
		{D56B507B-072A-4744-8D7C-A1E4A39D5F3B}.Release|x64.Build.0 = Release|x64
		{D56B507B-072A-4744-8D7C-A1E4A39D5F3B}.Release|x86.ActiveCfg = Release|Win32
		{D56B507B-072A-4744-8D7C-A1E4A39D5F3B}.Release|x86.Build.0 = Release|Win32
		{7AF27707-D39C-47B0-A21E-1195EC28393E}.Debug|x64.ActiveCfg = Debug|x64
		{7AF27707-D39C-47B0-A21E-1195EC28393E}.Debug|x64.Build.0 = Debug|x64
		{7AF27707-D39C-47B0-A21E-1195EC28393E}.Debug|x86.ActiveCfg = Debug|Win32
		{7AF27707-D39C-47B0-A21E-1195EC28393E}.Debug|x86.Build.0 = Debug|Win32
		{7AF27707-D39C-47B0-A21E-1195EC28393E}.Release|x64.ActiveCfg = Release|x64
		{7AF27707-D39C-47B0-A21E-1195EC28393E}.Release|x64.Build.0 = Release|x64
		{7AF27707-D39C-47B0-A21E-1195EC28393E}.Release|x86.ActiveCfg = Release|Win32
		{7AF27707-D39C-47B0-A21E-1195EC28393E}.Release|x86.Build.0 = Release|Win32
		{43D5EED0-33A4-42FF-874F-D5C89B48E55A}.Debug|x64.ActiveCfg = Debug|x64
		{43D5EED0-33A4-42FF-874F-D5C89B48E55A}.Debug|x64.Build.0 = Debug|x64
		{43D5EED0-33A4-42FF-874F-D5C89B48E55A}.Debug|x86.ActiveCfg = Debug|Win32
		{43D5EED0-33A4-42FF-874F-D5C89B48E55A}.Debug|x86.Build.0 = Debug|Win32
		{43D5EED0-33A4-42FF-874F-D5C89B48E55A}.Release|x64.ActiveCfg = Release|x64
		{43D5EED0-33A4-42FF-874F-D5C89B48E55A}.Release|x64.Build.0 = Release|x64
		{43D5EED0-33A4-42FF-874F-D5C89B48E55A}.Release|x86.ActiveCfg = Release|Win32
		{43D5EED0-33A4-42FF-874F-D5C89B48E55A}.Release|x86.Build.0 = Release|Win32
		{A89331F5-D39F-4928-9249-200497304B67}.Debug|x64.ActiveCfg = Debug|x64
		{A89331F5-D39F-4928-9249-200497304B67}.Debug|x64.Build.0 = Debug|x64
		{A89331F5-D39F-4928-9249-200497304B67}.Debug|x86.ActiveCfg = Debug|Win32
		{A89331F5-D39F-4928-9249-200497304B67}.Debug|x86.Build.0 = Debug|Win32
		{A89331F5-D39F-4928-9249-200497304B67}.Release|x64.ActiveCfg = Release|x64
		{A89331F5-D39F-4928-9249-200497304B67}.Release|x64.Build.0 = Release|x64
		{A89331F5-D39F-4928-9249-200497304B67}.Release|x86.ActiveCfg = Release|Win32
		{A89331F5-D39F-4928-9249-200497304B67}.Release|x86.Build.0 = Release|Win32
		{217A7C1B-8552-4A77-B408-BAFCB6D63522}.Debug|x64.ActiveCfg = Debug|x64
		{217A7C1B-8552-4A77-B408-BAFCB6D63522}.Debug|x64.Build.0 = Debug|x64
		{217A7C1B-8552-4A77-B408-BAFCB6D63522}.Debug|x86.ActiveCfg = Debug|Win32
		{217A7C1B-8552-4A77-B408-BAFCB6D63522}.Debug|x86.Build.0 = Debug|Win32
		{217A7C1B-8552-4A77-B408-BAFCB6D63522}.Release|x64.ActiveCfg = Release|x64
		{217A7C1B-8552-4A77-B408-BAFCB6D63522}.Release|x64.Build.0 = Release|x64
		{217A7C1B-8552-4A77-B408-BAFCB6D63522}.Release|x86.ActiveCfg = Release|Win32
		{217A7C1B-8552-4A77-B408-BAFCB6D63522}.Release|x86.Build.0 = Release|Win32
	EndGlobalSection
	GlobalSection(SolutionProperties) = preSolution
		HideSolutionNode = FALSE
	EndGlobalSection
	GlobalSection(ExtensibilityGlobals) = postSolution
		SolutionGuid = {9F1A8EBB-1142-4C8E-B4B4-BDBB8E5AB7F6}
	EndGlobalSection
EndGlobal
