
Microsoft Visual Studio Solution File, Format Version 12.00
# Visual Studio Version 16
VisualStudioVersion = 16.0.36227.6
MinimumVisualStudioVersion = 10.0.40219.1
Project("{8BC9CEB8-8B4A-11D0-8D11-00A0C91BC942}") = "Lecture01", "Lecture01\Lecture01.vcxproj", "{5109CAAE-13A7-49F5-AB16-8E6F6C606E80}"
EndProject
Project("{8BC9CEB8-8B4A-11D0-8D11-00A0C91BC942}") = "Lecture02", "Lecture02\Lecture02.vcxproj", "{6DB48369-7C48-4445-B339-A09D553F2491}"
EndProject
Project("{8BC9CEB8-8B4A-11D0-8D11-00A0C91BC942}") = "Lecture03", "Lecture03\Lecture03.vcxproj", "{2ABD9017-C26E-4493-B9E8-38A726C0A0E7}"
EndProject
Project("{8BC9CEB8-8B4A-11D0-8D11-00A0C91BC942}") = "Lecture04", "Lecture04\Lecture04.vcxproj", "{F34795C9-39BF-4953-95D9-7FE9BDB792DD}"
EndProject
Project("{8BC9CEB8-8B4A-11D0-8D11-00A0C91BC942}") = "Lecture05", "Lecture05\Lecture05.vcxproj", "{C23C366B-CEA6-4832-9D5A-68172D3BD8CB}"
EndProject
Project("{8BC9CEB8-8B4A-11D0-8D11-00A0C91BC942}") = "Lecture06", "Lecture06\Lecture06.vcxproj", "{B96892CB-D577-4222-BE98-CB0467CE5A79}"
EndProject
Project("{8BC9CEB8-8B4A-11D0-8D11-00A0C91BC942}") = "Lecture07", "Lecture07\Lecture07.vcxproj", "{54F8B375-399D-4BC2-8933-F533791FD0C3}"
EndProject
Project("{8BC9CEB8-8B4A-11D0-8D11-00A0C91BC942}") = "Lecture08", "Lecture08\Lecture08.vcxproj", "{2A90AA92-51F1-4859-B1F2-76D95221128C}"
EndProject
Project("{8BC9CEB8-8B4A-11D0-8D11-00A0C91BC942}") = "Lecture10", "Lecture10\Lecture10.vcxproj", "{F6AB0580-A972-4854-AF29-261C1CC88A67}"
EndProject
Project("{8BC9CEB8-8B4A-11D0-8D11-00A0C91BC942}") = "Lecture09", "Lecture09\Lecture09.vcxproj", "{7F5CB32D-DEA5-45E9-9D45-EF06ACB1349F}"
EndProject
Project("{8BC9CEB8-8B4A-11D0-8D11-00A0C91BC942}") = "Lecture11", "Lecture11\Lecture11.vcxproj", "{FB9AAC52-C29F-470A-B46D-3A435D44ED41}"
EndProject
Project("{8BC9CEB8-8B4A-11D0-8D11-00A0C91BC942}") = "Lecture12", "Lecture12\Lecture12.vcxproj", "{58E9578B-C80A-4FAC-A5A5-A9EE7B3536A9}"
EndProject
Global
	GlobalSection(SolutionConfigurationPlatforms) = preSolution
		Debug|x64 = Debug|x64
		Debug|x86 = Debug|x86
		Release|x64 = Release|x64
		Release|x86 = Release|x86
	EndGlobalSection
	GlobalSection(ProjectConfigurationPlatforms) = postSolution
		{5109CAAE-13A7-49F5-AB16-8E6F6C606E80}.Debug|x64.ActiveCfg = Debug|x64
		{5109CAAE-13A7-49F5-AB16-8E6F6C606E80}.Debug|x64.Build.0 = Debug|x64
		{5109CAAE-13A7-49F5-AB16-8E6F6C606E80}.Debug|x86.ActiveCfg = Debug|Win32
		{5109CAAE-13A7-49F5-AB16-8E6F6C606E80}.Debug|x86.Build.0 = Debug|Win32
		{5109CAAE-13A7-49F5-AB16-8E6F6C606E80}.Release|x64.ActiveCfg = Release|x64
		{5109CAAE-13A7-49F5-AB16-8E6F6C606E80}.Release|x64.Build.0 = Release|x64
		{5109CAAE-13A7-49F5-AB16-8E6F6C606E80}.Release|x86.ActiveCfg = Release|Win32
		{5109CAAE-13A7-49F5-AB16-8E6F6C606E80}.Release|x86.Build.0 = Release|Win32
		{6DB48369-7C48-4445-B339-A09D553F2491}.Debug|x64.ActiveCfg = Debug|x64
		{6DB48369-7C48-4445-B339-A09D553F2491}.Debug|x64.Build.0 = Debug|x64
		{6DB48369-7C48-4445-B339-A09D553F2491}.Debug|x86.ActiveCfg = Debug|Win32
		{6DB48369-7C48-4445-B339-A09D553F2491}.Debug|x86.Build.0 = Debug|Win32
		{6DB48369-7C48-4445-B339-A09D553F2491}.Release|x64.ActiveCfg = Release|x64
		{6DB48369-7C48-4445-B339-A09D553F2491}.Release|x64.Build.0 = Release|x64
		{6DB48369-7C48-4445-B339-A09D553F2491}.Release|x86.ActiveCfg = Release|Win32
		{6DB48369-7C48-4445-B339-A09D553F2491}.Release|x86.Build.0 = Release|Win32
		{2ABD9017-C26E-4493-B9E8-38A726C0A0E7}.Debug|x64.ActiveCfg = Debug|x64
		{2ABD9017-C26E-4493-B9E8-38A726C0A0E7}.Debug|x64.Build.0 = Debug|x64
		{2ABD9017-C26E-4493-B9E8-38A726C0A0E7}.Debug|x86.ActiveCfg = Debug|Win32
		{2ABD9017-C26E-4493-B9E8-38A726C0A0E7}.Debug|x86.Build.0 = Debug|Win32
		{2ABD9017-C26E-4493-B9E8-38A726C0A0E7}.Release|x64.ActiveCfg = Release|x64
		{2ABD9017-C26E-4493-B9E8-38A726C0A0E7}.Release|x64.Build.0 = Release|x64
		{2ABD9017-C26E-4493-B9E8-38A726C0A0E7}.Release|x86.ActiveCfg = Release|Win32
		{2ABD9017-C26E-4493-B9E8-38A726C0A0E7}.Release|x86.Build.0 = Release|Win32
		{F34795C9-39BF-4953-95D9-7FE9BDB792DD}.Debug|x64.ActiveCfg = Debug|x64
		{F34795C9-39BF-4953-95D9-7FE9BDB792DD}.Debug|x64.Build.0 = Debug|x64
		{F34795C9-39BF-4953-95D9-7FE9BDB792DD}.Debug|x86.ActiveCfg = Debug|Win32
		{F34795C9-39BF-4953-95D9-7FE9BDB792DD}.Debug|x86.Build.0 = Debug|Win32
		{F34795C9-39BF-4953-95D9-7FE9BDB792DD}.Release|x64.ActiveCfg = Release|x64
		{F34795C9-39BF-4953-95D9-7FE9BDB792DD}.Release|x64.Build.0 = Release|x64
		{F34795C9-39BF-4953-95D9-7FE9BDB792DD}.Release|x86.ActiveCfg = Release|Win32
		{F34795C9-39BF-4953-95D9-7FE9BDB792DD}.Release|x86.Build.0 = Release|Win32
		{C23C366B-CEA6-4832-9D5A-68172D3BD8CB}.Debug|x64.ActiveCfg = Debug|x64
		{C23C366B-CEA6-4832-9D5A-68172D3BD8CB}.Debug|x64.Build.0 = Debug|x64
		{C23C366B-CEA6-4832-9D5A-68172D3BD8CB}.Debug|x86.ActiveCfg = Debug|Win32
		{C23C366B-CEA6-4832-9D5A-68172D3BD8CB}.Debug|x86.Build.0 = Debug|Win32
		{C23C366B-CEA6-4832-9D5A-68172D3BD8CB}.Release|x64.ActiveCfg = Release|x64
		{C23C366B-CEA6-4832-9D5A-68172D3BD8CB}.Release|x64.Build.0 = Release|x64
		{C23C366B-CEA6-4832-9D5A-68172D3BD8CB}.Release|x86.ActiveCfg = Release|Win32
		{C23C366B-CEA6-4832-9D5A-68172D3BD8CB}.Release|x86.Build.0 = Release|Win32
		{B96892CB-D577-4222-BE98-CB0467CE5A79}.Debug|x64.ActiveCfg = Debug|x64
		{B96892CB-D577-4222-BE98-CB0467CE5A79}.Debug|x64.Build.0 = Debug|x64
		{B96892CB-D577-4222-BE98-CB0467CE5A79}.Debug|x86.ActiveCfg = Debug|Win32
		{B96892CB-D577-4222-BE98-CB0467CE5A79}.Debug|x86.Build.0 = Debug|Win32
		{B96892CB-D577-4222-BE98-CB0467CE5A79}.Release|x64.ActiveCfg = Release|x64
		{B96892CB-D577-4222-BE98-CB0467CE5A79}.Release|x64.Build.0 = Release|x64
		{B96892CB-D577-4222-BE98-CB0467CE5A79}.Release|x86.ActiveCfg = Release|Win32
		{B96892CB-D577-4222-BE98-CB0467CE5A79}.Release|x86.Build.0 = Release|Win32
		{54F8B375-399D-4BC2-8933-F533791FD0C3}.Debug|x64.ActiveCfg = Debug|x64
		{54F8B375-399D-4BC2-8933-F533791FD0C3}.Debug|x64.Build.0 = Debug|x64
		{54F8B375-399D-4BC2-8933-F533791FD0C3}.Debug|x86.ActiveCfg = Debug|Win32
		{54F8B375-399D-4BC2-8933-F533791FD0C3}.Debug|x86.Build.0 = Debug|Win32
		{54F8B375-399D-4BC2-8933-F533791FD0C3}.Release|x64.ActiveCfg = Release|x64
		{54F8B375-399D-4BC2-8933-F533791FD0C3}.Release|x64.Build.0 = Release|x64
		{54F8B375-399D-4BC2-8933-F533791FD0C3}.Release|x86.ActiveCfg = Release|Win32
		{54F8B375-399D-4BC2-8933-F533791FD0C3}.Release|x86.Build.0 = Release|Win32
		{2A90AA92-51F1-4859-B1F2-76D95221128C}.Debug|x64.ActiveCfg = Debug|x64
		{2A90AA92-51F1-4859-B1F2-76D95221128C}.Debug|x64.Build.0 = Debug|x64
		{2A90AA92-51F1-4859-B1F2-76D95221128C}.Debug|x86.ActiveCfg = Debug|Win32
		{2A90AA92-51F1-4859-B1F2-76D95221128C}.Debug|x86.Build.0 = Debug|Win32
		{2A90AA92-51F1-4859-B1F2-76D95221128C}.Release|x64.ActiveCfg = Release|x64
		{2A90AA92-51F1-4859-B1F2-76D95221128C}.Release|x64.Build.0 = Release|x64
		{2A90AA92-51F1-4859-B1F2-76D95221128C}.Release|x86.ActiveCfg = Release|Win32
		{2A90AA92-51F1-4859-B1F2-76D95221128C}.Release|x86.Build.0 = Release|Win32
		{F6AB0580-A972-4854-AF29-261C1CC88A67}.Debug|x64.ActiveCfg = Debug|x64
		{F6AB0580-A972-4854-AF29-261C1CC88A67}.Debug|x64.Build.0 = Debug|x64
		{F6AB0580-A972-4854-AF29-261C1CC88A67}.Debug|x86.ActiveCfg = Debug|Win32
		{F6AB0580-A972-4854-AF29-261C1CC88A67}.Debug|x86.Build.0 = Debug|Win32
		{F6AB0580-A972-4854-AF29-261C1CC88A67}.Release|x64.ActiveCfg = Release|x64
		{F6AB0580-A972-4854-AF29-261C1CC88A67}.Release|x64.Build.0 = Release|x64
		{F6AB0580-A972-4854-AF29-261C1CC88A67}.Release|x86.ActiveCfg = Release|Win32
		{F6AB0580-A972-4854-AF29-261C1CC88A67}.Release|x86.Build.0 = Release|Win32
		{7F5CB32D-DEA5-45E9-9D45-EF06ACB1349F}.Debug|x64.ActiveCfg = Debug|x64
		{7F5CB32D-DEA5-45E9-9D45-EF06ACB1349F}.Debug|x64.Build.0 = Debug|x64
		{7F5CB32D-DEA5-45E9-9D45-EF06ACB1349F}.Debug|x86.ActiveCfg = Debug|Win32
		{7F5CB32D-DEA5-45E9-9D45-EF06ACB1349F}.Debug|x86.Build.0 = Debug|Win32
		{7F5CB32D-DEA5-45E9-9D45-EF06ACB1349F}.Release|x64.ActiveCfg = Release|x64
		{7F5CB32D-DEA5-45E9-9D45-EF06ACB1349F}.Release|x64.Build.0 = Release|x64
		{7F5CB32D-DEA5-45E9-9D45-EF06ACB1349F}.Release|x86.ActiveCfg = Release|Win32
		{7F5CB32D-DEA5-45E9-9D45-EF06ACB1349F}.Release|x86.Build.0 = Release|Win32
		{FB9AAC52-C29F-470A-B46D-3A435D44ED41}.Debug|x64.ActiveCfg = Debug|x64
		{FB9AAC52-C29F-470A-B46D-3A435D44ED41}.Debug|x64.Build.0 = Debug|x64
		{FB9AAC52-C29F-470A-B46D-3A435D44ED41}.Debug|x86.ActiveCfg = Debug|Win32
		{FB9AAC52-C29F-470A-B46D-3A435D44ED41}.Debug|x86.Build.0 = Debug|Win32
		{FB9AAC52-C29F-470A-B46D-3A435D44ED41}.Release|x64.ActiveCfg = Release|x64
		{FB9AAC52-C29F-470A-B46D-3A435D44ED41}.Release|x64.Build.0 = Release|x64
		{FB9AAC52-C29F-470A-B46D-3A435D44ED41}.Release|x86.ActiveCfg = Release|Win32
		{FB9AAC52-C29F-470A-B46D-3A435D44ED41}.Release|x86.Build.0 = Release|Win32
		{58E9578B-C80A-4FAC-A5A5-A9EE7B3536A9}.Debug|x64.ActiveCfg = Debug|x64
		{58E9578B-C80A-4FAC-A5A5-A9EE7B3536A9}.Debug|x64.Build.0 = Debug|x64
		{58E9578B-C80A-4FAC-A5A5-A9EE7B3536A9}.Debug|x86.ActiveCfg = Debug|Win32
		{58E9578B-C80A-4FAC-A5A5-A9EE7B3536A9}.Debug|x86.Build.0 = Debug|Win32
		{58E9578B-C80A-4FAC-A5A5-A9EE7B3536A9}.Release|x64.ActiveCfg = Release|x64
		{58E9578B-C80A-4FAC-A5A5-A9EE7B3536A9}.Release|x64.Build.0 = Release|x64
		{58E9578B-C80A-4FAC-A5A5-A9EE7B3536A9}.Release|x86.ActiveCfg = Release|Win32
		{58E9578B-C80A-4FAC-A5A5-A9EE7B3536A9}.Release|x86.Build.0 = Release|Win32
	EndGlobalSection
	GlobalSection(SolutionProperties) = preSolution
		HideSolutionNode = FALSE
	EndGlobalSection
	GlobalSection(ExtensibilityGlobals) = postSolution
		SolutionGuid = {682B2824-AECC-4615-B775-CF8458343999}
	EndGlobalSection
EndGlobal
