
Microsoft Visual Studio Solution File, Format Version 12.00
# Visual Studio Version 16
VisualStudioVersion = 16.0.36324.18
MinimumVisualStudioVersion = 10.0.40219.1
Project("{8BC9CEB8-8B4A-11D0-8D11-00A0C91BC942}") = "Lecture01", "Lecture01\Lecture01.vcxproj", "{39CD86D2-5A66-4D71-996E-7E081AF5B7A8}"
EndProject
Project("{8BC9CEB8-8B4A-11D0-8D11-00A0C91BC942}") = "Lecture02", "Lecture02\Lecture02.vcxproj", "{37EE775D-A25D-4847-B209-DDDD9CB97FF4}"
EndProject
Project("{8BC9CEB8-8B4A-11D0-8D11-00A0C91BC942}") = "Lecture03", "Lecture03\Lecture03.vcxproj", "{DD117323-1E3A-4D13-BF16-F5A31AA5364A}"
EndProject
Project("{8BC9CEB8-8B4A-11D0-8D11-00A0C91BC942}") = "Lecture04", "Lecture04\Lecture04.vcxproj", "{A320D27E-8D66-4F1C-8F35-27B601B56110}"
EndProject
Project("{8BC9CEB8-8B4A-11D0-8D11-00A0C91BC942}") = "Lecture05", "Lecture05\Lecture05.vcxproj", "{5B08D399-BA16-4C00-B6B6-C69DD68F5A18}"
EndProject
Global
	GlobalSection(SolutionConfigurationPlatforms) = preSolution
		Debug|x64 = Debug|x64
		Debug|x86 = Debug|x86
		Release|x64 = Release|x64
		Release|x86 = Release|x86
	EndGlobalSection
	GlobalSection(ProjectConfigurationPlatforms) = postSolution
		{39CD86D2-5A66-4D71-996E-7E081AF5B7A8}.Debug|x64.ActiveCfg = Debug|x64
		{39CD86D2-5A66-4D71-996E-7E081AF5B7A8}.Debug|x64.Build.0 = Debug|x64
		{39CD86D2-5A66-4D71-996E-7E081AF5B7A8}.Debug|x86.ActiveCfg = Debug|Win32
		{39CD86D2-5A66-4D71-996E-7E081AF5B7A8}.Debug|x86.Build.0 = Debug|Win32
		{39CD86D2-5A66-4D71-996E-7E081AF5B7A8}.Release|x64.ActiveCfg = Release|x64
		{39CD86D2-5A66-4D71-996E-7E081AF5B7A8}.Release|x64.Build.0 = Release|x64
		{39CD86D2-5A66-4D71-996E-7E081AF5B7A8}.Release|x86.ActiveCfg = Release|Win32
		{39CD86D2-5A66-4D71-996E-7E081AF5B7A8}.Release|x86.Build.0 = Release|Win32
		{37EE775D-A25D-4847-B209-DDDD9CB97FF4}.Debug|x64.ActiveCfg = Debug|x64
		{37EE775D-A25D-4847-B209-DDDD9CB97FF4}.Debug|x64.Build.0 = Debug|x64
		{37EE775D-A25D-4847-B209-DDDD9CB97FF4}.Debug|x86.ActiveCfg = Debug|Win32
		{37EE775D-A25D-4847-B209-DDDD9CB97FF4}.Debug|x86.Build.0 = Debug|Win32
		{37EE775D-A25D-4847-B209-DDDD9CB97FF4}.Release|x64.ActiveCfg = Release|x64
		{37EE775D-A25D-4847-B209-DDDD9CB97FF4}.Release|x64.Build.0 = Release|x64
		{37EE775D-A25D-4847-B209-DDDD9CB97FF4}.Release|x86.ActiveCfg = Release|Win32
		{37EE775D-A25D-4847-B209-DDDD9CB97FF4}.Release|x86.Build.0 = Release|Win32
		{DD117323-1E3A-4D13-BF16-F5A31AA5364A}.Debug|x64.ActiveCfg = Debug|x64
		{DD117323-1E3A-4D13-BF16-F5A31AA5364A}.Debug|x64.Build.0 = Debug|x64
		{DD117323-1E3A-4D13-BF16-F5A31AA5364A}.Debug|x86.ActiveCfg = Debug|Win32
		{DD117323-1E3A-4D13-BF16-F5A31AA5364A}.Debug|x86.Build.0 = Debug|Win32
		{DD117323-1E3A-4D13-BF16-F5A31AA5364A}.Release|x64.ActiveCfg = Release|x64
		{DD117323-1E3A-4D13-BF16-F5A31AA5364A}.Release|x64.Build.0 = Release|x64
		{DD117323-1E3A-4D13-BF16-F5A31AA5364A}.Release|x86.ActiveCfg = Release|Win32
		{DD117323-1E3A-4D13-BF16-F5A31AA5364A}.Release|x86.Build.0 = Release|Win32
		{A320D27E-8D66-4F1C-8F35-27B601B56110}.Debug|x64.ActiveCfg = Debug|x64
		{A320D27E-8D66-4F1C-8F35-27B601B56110}.Debug|x64.Build.0 = Debug|x64
		{A320D27E-8D66-4F1C-8F35-27B601B56110}.Debug|x86.ActiveCfg = Debug|Win32
		{A320D27E-8D66-4F1C-8F35-27B601B56110}.Debug|x86.Build.0 = Debug|Win32
		{A320D27E-8D66-4F1C-8F35-27B601B56110}.Release|x64.ActiveCfg = Release|x64
		{A320D27E-8D66-4F1C-8F35-27B601B56110}.Release|x64.Build.0 = Release|x64
		{A320D27E-8D66-4F1C-8F35-27B601B56110}.Release|x86.ActiveCfg = Release|Win32
		{A320D27E-8D66-4F1C-8F35-27B601B56110}.Release|x86.Build.0 = Release|Win32
		{5B08D399-BA16-4C00-B6B6-C69DD68F5A18}.Debug|x64.ActiveCfg = Debug|x64
		{5B08D399-BA16-4C00-B6B6-C69DD68F5A18}.Debug|x64.Build.0 = Debug|x64
		{5B08D399-BA16-4C00-B6B6-C69DD68F5A18}.Debug|x86.ActiveCfg = Debug|Win32
		{5B08D399-BA16-4C00-B6B6-C69DD68F5A18}.Debug|x86.Build.0 = Debug|Win32
		{5B08D399-BA16-4C00-B6B6-C69DD68F5A18}.Release|x64.ActiveCfg = Release|x64
		{5B08D399-BA16-4C00-B6B6-C69DD68F5A18}.Release|x64.Build.0 = Release|x64
		{5B08D399-BA16-4C00-B6B6-C69DD68F5A18}.Release|x86.ActiveCfg = Release|Win32
		{5B08D399-BA16-4C00-B6B6-C69DD68F5A18}.Release|x86.Build.0 = Release|Win32
	EndGlobalSection
	GlobalSection(SolutionProperties) = preSolution
		HideSolutionNode = FALSE
	EndGlobalSection
	GlobalSection(ExtensibilityGlobals) = postSolution
		SolutionGuid = {53E89B2E-2D6E-42D2-A6F2-EFD807F78839}
	EndGlobalSection
EndGlobal
