
Microsoft Visual Studio Solution File, Format Version 12.00
# Visual Studio Version 16
VisualStudioVersion = 16.0.36324.18
MinimumVisualStudioVersion = 10.0.40219.1
Project("{8BC9CEB8-8B4A-11D0-8D11-00A0C91BC942}") = "Lecture01", "Lecture01\Lecture01.vcxproj", "{86F0E41E-B91B-4FBB-BC29-D48291149BC0}"
EndProject
Project("{8BC9CEB8-8B4A-11D0-8D11-00A0C91BC942}") = "Lecture02", "Lecture02\Lecture02.vcxproj", "{7B5C6EC9-BBD5-45DA-BA07-52EEF2374A54}"
EndProject
Project("{8BC9CEB8-8B4A-11D0-8D11-00A0C91BC942}") = "Lecture03", "Lecture03\Lecture03.vcxproj", "{D30100E8-64F5-4D24-942D-3CD1E4B48256}"
EndProject
Project("{8BC9CEB8-8B4A-11D0-8D11-00A0C91BC942}") = "Lecture04", "Lecture04\Lecture04.vcxproj", "{96244641-B58C-420E-8670-9A90221C7693}"
EndProject
Project("{8BC9CEB8-8B4A-11D0-8D11-00A0C91BC942}") = "Lecture05", "Lecture05\Lecture05.vcxproj", "{D11BCD5F-98BB-4896-A465-A68BB4412909}"
EndProject
Project("{8BC9CEB8-8B4A-11D0-8D11-00A0C91BC942}") = "Lecture06", "Lecture06\Lecture06.vcxproj", "{4CF3FA57-28C8-4960-95E5-A4D459430068}"
EndProject
Project("{8BC9CEB8-8B4A-11D0-8D11-00A0C91BC942}") = "Lecture07", "Lecture07\Lecture07.vcxproj", "{91E96AEE-A19D-4943-8D9A-A5CA3D0F9691}"
EndProject
Project("{8BC9CEB8-8B4A-11D0-8D11-00A0C91BC942}") = "Lecture08", "Lecture08\Lecture08.vcxproj", "{1D930498-7E98-44CC-B9DC-F18758CC6307}"
EndProject
Project("{8BC9CEB8-8B4A-11D0-8D11-00A0C91BC942}") = "Lecture09", "Lecture09\Lecture09.vcxproj", "{4EC1FE66-76DA-4411-86E3-1D126671CC60}"
EndProject
Project("{8BC9CEB8-8B4A-11D0-8D11-00A0C91BC942}") = "Lecture10", "Lecture10\Lecture10.vcxproj", "{F528F156-4026-46C6-940D-98B767F6B52B}"
EndProject
Project("{8BC9CEB8-8B4A-11D0-8D11-00A0C91BC942}") = "Lecture11", "Lecture11\Lecture11.vcxproj", "{1CE76AFD-2360-447E-BB9C-5907900B32E9}"
EndProject
Global
	GlobalSection(SolutionConfigurationPlatforms) = preSolution
		Debug|x64 = Debug|x64
		Debug|x86 = Debug|x86
		Release|x64 = Release|x64
		Release|x86 = Release|x86
	EndGlobalSection
	GlobalSection(ProjectConfigurationPlatforms) = postSolution
		{86F0E41E-B91B-4FBB-BC29-D48291149BC0}.Debug|x64.ActiveCfg = Debug|x64
		{86F0E41E-B91B-4FBB-BC29-D48291149BC0}.Debug|x64.Build.0 = Debug|x64
		{86F0E41E-B91B-4FBB-BC29-D48291149BC0}.Debug|x86.ActiveCfg = Debug|Win32
		{86F0E41E-B91B-4FBB-BC29-D48291149BC0}.Debug|x86.Build.0 = Debug|Win32
		{86F0E41E-B91B-4FBB-BC29-D48291149BC0}.Release|x64.ActiveCfg = Release|x64
		{86F0E41E-B91B-4FBB-BC29-D48291149BC0}.Release|x64.Build.0 = Release|x64
		{86F0E41E-B91B-4FBB-BC29-D48291149BC0}.Release|x86.ActiveCfg = Release|Win32
		{86F0E41E-B91B-4FBB-BC29-D48291149BC0}.Release|x86.Build.0 = Release|Win32
		{7B5C6EC9-BBD5-45DA-BA07-52EEF2374A54}.Debug|x64.ActiveCfg = Debug|x64
		{7B5C6EC9-BBD5-45DA-BA07-52EEF2374A54}.Debug|x64.Build.0 = Debug|x64
		{7B5C6EC9-BBD5-45DA-BA07-52EEF2374A54}.Debug|x86.ActiveCfg = Debug|Win32
		{7B5C6EC9-BBD5-45DA-BA07-52EEF2374A54}.Debug|x86.Build.0 = Debug|Win32
		{7B5C6EC9-BBD5-45DA-BA07-52EEF2374A54}.Release|x64.ActiveCfg = Release|x64
		{7B5C6EC9-BBD5-45DA-BA07-52EEF2374A54}.Release|x64.Build.0 = Release|x64
		{7B5C6EC9-BBD5-45DA-BA07-52EEF2374A54}.Release|x86.ActiveCfg = Release|Win32
		{7B5C6EC9-BBD5-45DA-BA07-52EEF2374A54}.Release|x86.Build.0 = Release|Win32
		{D30100E8-64F5-4D24-942D-3CD1E4B48256}.Debug|x64.ActiveCfg = Debug|x64
		{D30100E8-64F5-4D24-942D-3CD1E4B48256}.Debug|x64.Build.0 = Debug|x64
		{D30100E8-64F5-4D24-942D-3CD1E4B48256}.Debug|x86.ActiveCfg = Debug|Win32
		{D30100E8-64F5-4D24-942D-3CD1E4B48256}.Debug|x86.Build.0 = Debug|Win32
		{D30100E8-64F5-4D24-942D-3CD1E4B48256}.Release|x64.ActiveCfg = Release|x64
		{D30100E8-64F5-4D24-942D-3CD1E4B48256}.Release|x64.Build.0 = Release|x64
		{D30100E8-64F5-4D24-942D-3CD1E4B48256}.Release|x86.ActiveCfg = Release|Win32
		{D30100E8-64F5-4D24-942D-3CD1E4B48256}.Release|x86.Build.0 = Release|Win32
		{96244641-B58C-420E-8670-9A90221C7693}.Debug|x64.ActiveCfg = Debug|x64
		{96244641-B58C-420E-8670-9A90221C7693}.Debug|x64.Build.0 = Debug|x64
		{96244641-B58C-420E-8670-9A90221C7693}.Debug|x86.ActiveCfg = Debug|Win32
		{96244641-B58C-420E-8670-9A90221C7693}.Debug|x86.Build.0 = Debug|Win32
		{96244641-B58C-420E-8670-9A90221C7693}.Release|x64.ActiveCfg = Release|x64
		{96244641-B58C-420E-8670-9A90221C7693}.Release|x64.Build.0 = Release|x64
		{96244641-B58C-420E-8670-9A90221C7693}.Release|x86.ActiveCfg = Release|Win32
		{96244641-B58C-420E-8670-9A90221C7693}.Release|x86.Build.0 = Release|Win32
		{D11BCD5F-98BB-4896-A465-A68BB4412909}.Debug|x64.ActiveCfg = Debug|x64
		{D11BCD5F-98BB-4896-A465-A68BB4412909}.Debug|x64.Build.0 = Debug|x64
		{D11BCD5F-98BB-4896-A465-A68BB4412909}.Debug|x86.ActiveCfg = Debug|Win32
		{D11BCD5F-98BB-4896-A465-A68BB4412909}.Debug|x86.Build.0 = Debug|Win32
		{D11BCD5F-98BB-4896-A465-A68BB4412909}.Release|x64.ActiveCfg = Release|x64
		{D11BCD5F-98BB-4896-A465-A68BB4412909}.Release|x64.Build.0 = Release|x64
		{D11BCD5F-98BB-4896-A465-A68BB4412909}.Release|x86.ActiveCfg = Release|Win32
		{D11BCD5F-98BB-4896-A465-A68BB4412909}.Release|x86.Build.0 = Release|Win32
		{4CF3FA57-28C8-4960-95E5-A4D459430068}.Debug|x64.ActiveCfg = Debug|x64
		{4CF3FA57-28C8-4960-95E5-A4D459430068}.Debug|x64.Build.0 = Debug|x64
		{4CF3FA57-28C8-4960-95E5-A4D459430068}.Debug|x86.ActiveCfg = Debug|Win32
		{4CF3FA57-28C8-4960-95E5-A4D459430068}.Debug|x86.Build.0 = Debug|Win32
		{4CF3FA57-28C8-4960-95E5-A4D459430068}.Release|x64.ActiveCfg = Release|x64
		{4CF3FA57-28C8-4960-95E5-A4D459430068}.Release|x64.Build.0 = Release|x64
		{4CF3FA57-28C8-4960-95E5-A4D459430068}.Release|x86.ActiveCfg = Release|Win32
		{4CF3FA57-28C8-4960-95E5-A4D459430068}.Release|x86.Build.0 = Release|Win32
		{91E96AEE-A19D-4943-8D9A-A5CA3D0F9691}.Debug|x64.ActiveCfg = Debug|x64
		{91E96AEE-A19D-4943-8D9A-A5CA3D0F9691}.Debug|x64.Build.0 = Debug|x64
		{91E96AEE-A19D-4943-8D9A-A5CA3D0F9691}.Debug|x86.ActiveCfg = Debug|Win32
		{91E96AEE-A19D-4943-8D9A-A5CA3D0F9691}.Debug|x86.Build.0 = Debug|Win32
		{91E96AEE-A19D-4943-8D9A-A5CA3D0F9691}.Release|x64.ActiveCfg = Release|x64
		{91E96AEE-A19D-4943-8D9A-A5CA3D0F9691}.Release|x64.Build.0 = Release|x64
		{91E96AEE-A19D-4943-8D9A-A5CA3D0F9691}.Release|x86.ActiveCfg = Release|Win32
		{91E96AEE-A19D-4943-8D9A-A5CA3D0F9691}.Release|x86.Build.0 = Release|Win32
		{1D930498-7E98-44CC-B9DC-F18758CC6307}.Debug|x64.ActiveCfg = Debug|x64
		{1D930498-7E98-44CC-B9DC-F18758CC6307}.Debug|x64.Build.0 = Debug|x64
		{1D930498-7E98-44CC-B9DC-F18758CC6307}.Debug|x86.ActiveCfg = Debug|Win32
		{1D930498-7E98-44CC-B9DC-F18758CC6307}.Debug|x86.Build.0 = Debug|Win32
		{1D930498-7E98-44CC-B9DC-F18758CC6307}.Release|x64.ActiveCfg = Release|x64
		{1D930498-7E98-44CC-B9DC-F18758CC6307}.Release|x64.Build.0 = Release|x64
		{1D930498-7E98-44CC-B9DC-F18758CC6307}.Release|x86.ActiveCfg = Release|Win32
		{1D930498-7E98-44CC-B9DC-F18758CC6307}.Release|x86.Build.0 = Release|Win32
		{4EC1FE66-76DA-4411-86E3-1D126671CC60}.Debug|x64.ActiveCfg = Debug|x64
		{4EC1FE66-76DA-4411-86E3-1D126671CC60}.Debug|x64.Build.0 = Debug|x64
		{4EC1FE66-76DA-4411-86E3-1D126671CC60}.Debug|x86.ActiveCfg = Debug|Win32
		{4EC1FE66-76DA-4411-86E3-1D126671CC60}.Debug|x86.Build.0 = Debug|Win32
		{4EC1FE66-76DA-4411-86E3-1D126671CC60}.Release|x64.ActiveCfg = Release|x64
		{4EC1FE66-76DA-4411-86E3-1D126671CC60}.Release|x64.Build.0 = Release|x64
		{4EC1FE66-76DA-4411-86E3-1D126671CC60}.Release|x86.ActiveCfg = Release|Win32
		{4EC1FE66-76DA-4411-86E3-1D126671CC60}.Release|x86.Build.0 = Release|Win32
		{F528F156-4026-46C6-940D-98B767F6B52B}.Debug|x64.ActiveCfg = Debug|x64
		{F528F156-4026-46C6-940D-98B767F6B52B}.Debug|x64.Build.0 = Debug|x64
		{F528F156-4026-46C6-940D-98B767F6B52B}.Debug|x86.ActiveCfg = Debug|Win32
		{F528F156-4026-46C6-940D-98B767F6B52B}.Debug|x86.Build.0 = Debug|Win32
		{F528F156-4026-46C6-940D-98B767F6B52B}.Release|x64.ActiveCfg = Release|x64
		{F528F156-4026-46C6-940D-98B767F6B52B}.Release|x64.Build.0 = Release|x64
		{F528F156-4026-46C6-940D-98B767F6B52B}.Release|x86.ActiveCfg = Release|Win32
		{F528F156-4026-46C6-940D-98B767F6B52B}.Release|x86.Build.0 = Release|Win32
		{1CE76AFD-2360-447E-BB9C-5907900B32E9}.Debug|x64.ActiveCfg = Debug|x64
		{1CE76AFD-2360-447E-BB9C-5907900B32E9}.Debug|x64.Build.0 = Debug|x64
		{1CE76AFD-2360-447E-BB9C-5907900B32E9}.Debug|x86.ActiveCfg = Debug|Win32
		{1CE76AFD-2360-447E-BB9C-5907900B32E9}.Debug|x86.Build.0 = Debug|Win32
		{1CE76AFD-2360-447E-BB9C-5907900B32E9}.Release|x64.ActiveCfg = Release|x64
		{1CE76AFD-2360-447E-BB9C-5907900B32E9}.Release|x64.Build.0 = Release|x64
		{1CE76AFD-2360-447E-BB9C-5907900B32E9}.Release|x86.ActiveCfg = Release|Win32
		{1CE76AFD-2360-447E-BB9C-5907900B32E9}.Release|x86.Build.0 = Release|Win32
	EndGlobalSection
	GlobalSection(SolutionProperties) = preSolution
		HideSolutionNode = FALSE
	EndGlobalSection
	GlobalSection(ExtensibilityGlobals) = postSolution
		SolutionGuid = {30C8234B-57B8-45FE-87C3-564DFB9B5C55}
	EndGlobalSection
EndGlobal
