
Microsoft Visual Studio Solution File, Format Version 12.00
# Visual Studio Version 16
VisualStudioVersion = 16.0.36227.6
MinimumVisualStudioVersion = 10.0.40219.1
Project("{8BC9CEB8-8B4A-11D0-8D11-00A0C91BC942}") = "Lecture01", "Lecture01\Lecture01.vcxproj", "{4C1EC5ED-AAFF-418F-8297-3736CBBD9230}"
EndProject
Project("{8BC9CEB8-8B4A-11D0-8D11-00A0C91BC942}") = "Lecture02", "Lecture02\Lecture02.vcxproj", "{BF7B72DD-D29D-4EAB-9C6A-31FB5F2B26B2}"
EndProject
Project("{8BC9CEB8-8B4A-11D0-8D11-00A0C91BC942}") = "Lecture03", "Lecture03\Lecture03.vcxproj", "{4B1D1A5A-53CC-4E6A-B317-9A66A2FE1DD4}"
EndProject
Project("{8BC9CEB8-8B4A-11D0-8D11-00A0C91BC942}") = "Lecture04", "Lecture04\Lecture04.vcxproj", "{5468FF95-E65B-4D71-BF47-1B0C7A0A30BD}"
EndProject
Project("{8BC9CEB8-8B4A-11D0-8D11-00A0C91BC942}") = "Lecture05", "Lecture05\Lecture05.vcxproj", "{52D9C1B9-48D8-4F0C-B060-9BCA1E03EB6E}"
EndProject
Project("{8BC9CEB8-8B4A-11D0-8D11-00A0C91BC942}") = "Lecture06", "Lecture06\Lecture06.vcxproj", "{01D1F122-0DA0-424C-B0D2-1EA8B66E1155}"
EndProject
Project("{8BC9CEB8-8B4A-11D0-8D11-00A0C91BC942}") = "Lecture07", "Lecture07\Lecture07.vcxproj", "{D9980483-D2C0-402E-B3B9-E11662C43EB1}"
EndProject
Project("{8BC9CEB8-8B4A-11D0-8D11-00A0C91BC942}") = "Lecture08", "Lecture08\Lecture08.vcxproj", "{14924ED5-BB4A-41FB-A216-C027E0B97F22}"
EndProject
Project("{8BC9CEB8-8B4A-11D0-8D11-00A0C91BC942}") = "Lecture09", "Lecture09\Lecture09.vcxproj", "{2C7582A6-C84C-411F-9750-2C98FDED7E2D}"
EndProject
Project("{8BC9CEB8-8B4A-11D0-8D11-00A0C91BC942}") = "Lecture10", "Lecture10\Lecture10.vcxproj", "{65D3BA0E-0A77-4233-8F9D-FBF7A15429A9}"
EndProject
Project("{8BC9CEB8-8B4A-11D0-8D11-00A0C91BC942}") = "Lecture11", "Lecture11\Lecture11.vcxproj", "{DF819635-ADBC-4736-A63A-7850BB93D195}"
EndProject
Project("{8BC9CEB8-8B4A-11D0-8D11-00A0C91BC942}") = "Lecture12", "Lecture12\Lecture12.vcxproj", "{FA56F1A6-846E-4522-9706-CD0CDBBF4974}"
EndProject
Project("{8BC9CEB8-8B4A-11D0-8D11-00A0C91BC942}") = "Lecture13", "Lecture13\Lecture13.vcxproj", "{FCF41250-294D-4D4B-A605-98DBE6DE5B31}"
EndProject
Project("{8BC9CEB8-8B4A-11D0-8D11-00A0C91BC942}") = "Lecture14", "Lecture14\Lecture14.vcxproj", "{4F920D29-FC3F-44CB-9E14-3FA9F64AB109}"
EndProject
Project("{8BC9CEB8-8B4A-11D0-8D11-00A0C91BC942}") = "Lecture15", "Lecture15\Lecture15.vcxproj", "{57E48198-1ED3-4941-80E2-7A4FB8BF6C87}"
EndProject
Global
	GlobalSection(SolutionConfigurationPlatforms) = preSolution
		Debug|x64 = Debug|x64
		Debug|x86 = Debug|x86
		Release|x64 = Release|x64
		Release|x86 = Release|x86
	EndGlobalSection
	GlobalSection(ProjectConfigurationPlatforms) = postSolution
		{4C1EC5ED-AAFF-418F-8297-3736CBBD9230}.Debug|x64.ActiveCfg = Debug|x64
		{4C1EC5ED-AAFF-418F-8297-3736CBBD9230}.Debug|x64.Build.0 = Debug|x64
		{4C1EC5ED-AAFF-418F-8297-3736CBBD9230}.Debug|x86.ActiveCfg = Debug|Win32
		{4C1EC5ED-AAFF-418F-8297-3736CBBD9230}.Debug|x86.Build.0 = Debug|Win32
		{4C1EC5ED-AAFF-418F-8297-3736CBBD9230}.Release|x64.ActiveCfg = Release|x64
		{4C1EC5ED-AAFF-418F-8297-3736CBBD9230}.Release|x64.Build.0 = Release|x64
		{4C1EC5ED-AAFF-418F-8297-3736CBBD9230}.Release|x86.ActiveCfg = Release|Win32
		{4C1EC5ED-AAFF-418F-8297-3736CBBD9230}.Release|x86.Build.0 = Release|Win32
		{BF7B72DD-D29D-4EAB-9C6A-31FB5F2B26B2}.Debug|x64.ActiveCfg = Debug|x64
		{BF7B72DD-D29D-4EAB-9C6A-31FB5F2B26B2}.Debug|x64.Build.0 = Debug|x64
		{BF7B72DD-D29D-4EAB-9C6A-31FB5F2B26B2}.Debug|x86.ActiveCfg = Debug|Win32
		{BF7B72DD-D29D-4EAB-9C6A-31FB5F2B26B2}.Debug|x86.Build.0 = Debug|Win32
		{BF7B72DD-D29D-4EAB-9C6A-31FB5F2B26B2}.Release|x64.ActiveCfg = Release|x64
		{BF7B72DD-D29D-4EAB-9C6A-31FB5F2B26B2}.Release|x64.Build.0 = Release|x64
		{BF7B72DD-D29D-4EAB-9C6A-31FB5F2B26B2}.Release|x86.ActiveCfg = Release|Win32
		{BF7B72DD-D29D-4EAB-9C6A-31FB5F2B26B2}.Release|x86.Build.0 = Release|Win32
		{4B1D1A5A-53CC-4E6A-B317-9A66A2FE1DD4}.Debug|x64.ActiveCfg = Debug|x64
		{4B1D1A5A-53CC-4E6A-B317-9A66A2FE1DD4}.Debug|x64.Build.0 = Debug|x64
		{4B1D1A5A-53CC-4E6A-B317-9A66A2FE1DD4}.Debug|x86.ActiveCfg = Debug|Win32
		{4B1D1A5A-53CC-4E6A-B317-9A66A2FE1DD4}.Debug|x86.Build.0 = Debug|Win32
		{4B1D1A5A-53CC-4E6A-B317-9A66A2FE1DD4}.Release|x64.ActiveCfg = Release|x64
		{4B1D1A5A-53CC-4E6A-B317-9A66A2FE1DD4}.Release|x64.Build.0 = Release|x64
		{4B1D1A5A-53CC-4E6A-B317-9A66A2FE1DD4}.Release|x86.ActiveCfg = Release|Win32
		{4B1D1A5A-53CC-4E6A-B317-9A66A2FE1DD4}.Release|x86.Build.0 = Release|Win32
		{5468FF95-E65B-4D71-BF47-1B0C7A0A30BD}.Debug|x64.ActiveCfg = Debug|x64
		{5468FF95-E65B-4D71-BF47-1B0C7A0A30BD}.Debug|x64.Build.0 = Debug|x64
		{5468FF95-E65B-4D71-BF47-1B0C7A0A30BD}.Debug|x86.ActiveCfg = Debug|Win32
		{5468FF95-E65B-4D71-BF47-1B0C7A0A30BD}.Debug|x86.Build.0 = Debug|Win32
		{5468FF95-E65B-4D71-BF47-1B0C7A0A30BD}.Release|x64.ActiveCfg = Release|x64
		{5468FF95-E65B-4D71-BF47-1B0C7A0A30BD}.Release|x64.Build.0 = Release|x64
		{5468FF95-E65B-4D71-BF47-1B0C7A0A30BD}.Release|x86.ActiveCfg = Release|Win32
		{5468FF95-E65B-4D71-BF47-1B0C7A0A30BD}.Release|x86.Build.0 = Release|Win32
		{52D9C1B9-48D8-4F0C-B060-9BCA1E03EB6E}.Debug|x64.ActiveCfg = Debug|x64
		{52D9C1B9-48D8-4F0C-B060-9BCA1E03EB6E}.Debug|x64.Build.0 = Debug|x64
		{52D9C1B9-48D8-4F0C-B060-9BCA1E03EB6E}.Debug|x86.ActiveCfg = Debug|Win32
		{52D9C1B9-48D8-4F0C-B060-9BCA1E03EB6E}.Debug|x86.Build.0 = Debug|Win32
		{52D9C1B9-48D8-4F0C-B060-9BCA1E03EB6E}.Release|x64.ActiveCfg = Release|x64
		{52D9C1B9-48D8-4F0C-B060-9BCA1E03EB6E}.Release|x64.Build.0 = Release|x64
		{52D9C1B9-48D8-4F0C-B060-9BCA1E03EB6E}.Release|x86.ActiveCfg = Release|Win32
		{52D9C1B9-48D8-4F0C-B060-9BCA1E03EB6E}.Release|x86.Build.0 = Release|Win32
		{01D1F122-0DA0-424C-B0D2-1EA8B66E1155}.Debug|x64.ActiveCfg = Debug|x64
		{01D1F122-0DA0-424C-B0D2-1EA8B66E1155}.Debug|x64.Build.0 = Debug|x64
		{01D1F122-0DA0-424C-B0D2-1EA8B66E1155}.Debug|x86.ActiveCfg = Debug|Win32
		{01D1F122-0DA0-424C-B0D2-1EA8B66E1155}.Debug|x86.Build.0 = Debug|Win32
		{01D1F122-0DA0-424C-B0D2-1EA8B66E1155}.Release|x64.ActiveCfg = Release|x64
		{01D1F122-0DA0-424C-B0D2-1EA8B66E1155}.Release|x64.Build.0 = Release|x64
		{01D1F122-0DA0-424C-B0D2-1EA8B66E1155}.Release|x86.ActiveCfg = Release|Win32
		{01D1F122-0DA0-424C-B0D2-1EA8B66E1155}.Release|x86.Build.0 = Release|Win32
		{D9980483-D2C0-402E-B3B9-E11662C43EB1}.Debug|x64.ActiveCfg = Debug|x64
		{D9980483-D2C0-402E-B3B9-E11662C43EB1}.Debug|x64.Build.0 = Debug|x64
		{D9980483-D2C0-402E-B3B9-E11662C43EB1}.Debug|x86.ActiveCfg = Debug|Win32
		{D9980483-D2C0-402E-B3B9-E11662C43EB1}.Debug|x86.Build.0 = Debug|Win32
		{D9980483-D2C0-402E-B3B9-E11662C43EB1}.Release|x64.ActiveCfg = Release|x64
		{D9980483-D2C0-402E-B3B9-E11662C43EB1}.Release|x64.Build.0 = Release|x64
		{D9980483-D2C0-402E-B3B9-E11662C43EB1}.Release|x86.ActiveCfg = Release|Win32
		{D9980483-D2C0-402E-B3B9-E11662C43EB1}.Release|x86.Build.0 = Release|Win32
		{14924ED5-BB4A-41FB-A216-C027E0B97F22}.Debug|x64.ActiveCfg = Debug|x64
		{14924ED5-BB4A-41FB-A216-C027E0B97F22}.Debug|x64.Build.0 = Debug|x64
		{14924ED5-BB4A-41FB-A216-C027E0B97F22}.Debug|x86.ActiveCfg = Debug|Win32
		{14924ED5-BB4A-41FB-A216-C027E0B97F22}.Debug|x86.Build.0 = Debug|Win32
		{14924ED5-BB4A-41FB-A216-C027E0B97F22}.Release|x64.ActiveCfg = Release|x64
		{14924ED5-BB4A-41FB-A216-C027E0B97F22}.Release|x64.Build.0 = Release|x64
		{14924ED5-BB4A-41FB-A216-C027E0B97F22}.Release|x86.ActiveCfg = Release|Win32
		{14924ED5-BB4A-41FB-A216-C027E0B97F22}.Release|x86.Build.0 = Release|Win32
		{2C7582A6-C84C-411F-9750-2C98FDED7E2D}.Debug|x64.ActiveCfg = Debug|x64
		{2C7582A6-C84C-411F-9750-2C98FDED7E2D}.Debug|x64.Build.0 = Debug|x64
		{2C7582A6-C84C-411F-9750-2C98FDED7E2D}.Debug|x86.ActiveCfg = Debug|Win32
		{2C7582A6-C84C-411F-9750-2C98FDED7E2D}.Debug|x86.Build.0 = Debug|Win32
		{2C7582A6-C84C-411F-9750-2C98FDED7E2D}.Release|x64.ActiveCfg = Release|x64
		{2C7582A6-C84C-411F-9750-2C98FDED7E2D}.Release|x64.Build.0 = Release|x64
		{2C7582A6-C84C-411F-9750-2C98FDED7E2D}.Release|x86.ActiveCfg = Release|Win32
		{2C7582A6-C84C-411F-9750-2C98FDED7E2D}.Release|x86.Build.0 = Release|Win32
		{65D3BA0E-0A77-4233-8F9D-FBF7A15429A9}.Debug|x64.ActiveCfg = Debug|x64
		{65D3BA0E-0A77-4233-8F9D-FBF7A15429A9}.Debug|x64.Build.0 = Debug|x64
		{65D3BA0E-0A77-4233-8F9D-FBF7A15429A9}.Debug|x86.ActiveCfg = Debug|Win32
		{65D3BA0E-0A77-4233-8F9D-FBF7A15429A9}.Debug|x86.Build.0 = Debug|Win32
		{65D3BA0E-0A77-4233-8F9D-FBF7A15429A9}.Release|x64.ActiveCfg = Release|x64
		{65D3BA0E-0A77-4233-8F9D-FBF7A15429A9}.Release|x64.Build.0 = Release|x64
		{65D3BA0E-0A77-4233-8F9D-FBF7A15429A9}.Release|x86.ActiveCfg = Release|Win32
		{65D3BA0E-0A77-4233-8F9D-FBF7A15429A9}.Release|x86.Build.0 = Release|Win32
		{DF819635-ADBC-4736-A63A-7850BB93D195}.Debug|x64.ActiveCfg = Debug|x64
		{DF819635-ADBC-4736-A63A-7850BB93D195}.Debug|x64.Build.0 = Debug|x64
		{DF819635-ADBC-4736-A63A-7850BB93D195}.Debug|x86.ActiveCfg = Debug|Win32
		{DF819635-ADBC-4736-A63A-7850BB93D195}.Debug|x86.Build.0 = Debug|Win32
		{DF819635-ADBC-4736-A63A-7850BB93D195}.Release|x64.ActiveCfg = Release|x64
		{DF819635-ADBC-4736-A63A-7850BB93D195}.Release|x64.Build.0 = Release|x64
		{DF819635-ADBC-4736-A63A-7850BB93D195}.Release|x86.ActiveCfg = Release|Win32
		{DF819635-ADBC-4736-A63A-7850BB93D195}.Release|x86.Build.0 = Release|Win32
		{FA56F1A6-846E-4522-9706-CD0CDBBF4974}.Debug|x64.ActiveCfg = Debug|x64
		{FA56F1A6-846E-4522-9706-CD0CDBBF4974}.Debug|x64.Build.0 = Debug|x64
		{FA56F1A6-846E-4522-9706-CD0CDBBF4974}.Debug|x86.ActiveCfg = Debug|Win32
		{FA56F1A6-846E-4522-9706-CD0CDBBF4974}.Debug|x86.Build.0 = Debug|Win32
		{FA56F1A6-846E-4522-9706-CD0CDBBF4974}.Release|x64.ActiveCfg = Release|x64
		{FA56F1A6-846E-4522-9706-CD0CDBBF4974}.Release|x64.Build.0 = Release|x64
		{FA56F1A6-846E-4522-9706-CD0CDBBF4974}.Release|x86.ActiveCfg = Release|Win32
		{FA56F1A6-846E-4522-9706-CD0CDBBF4974}.Release|x86.Build.0 = Release|Win32
		{FCF41250-294D-4D4B-A605-98DBE6DE5B31}.Debug|x64.ActiveCfg = Debug|x64
		{FCF41250-294D-4D4B-A605-98DBE6DE5B31}.Debug|x64.Build.0 = Debug|x64
		{FCF41250-294D-4D4B-A605-98DBE6DE5B31}.Debug|x86.ActiveCfg = Debug|Win32
		{FCF41250-294D-4D4B-A605-98DBE6DE5B31}.Debug|x86.Build.0 = Debug|Win32
		{FCF41250-294D-4D4B-A605-98DBE6DE5B31}.Release|x64.ActiveCfg = Release|x64
		{FCF41250-294D-4D4B-A605-98DBE6DE5B31}.Release|x64.Build.0 = Release|x64
		{FCF41250-294D-4D4B-A605-98DBE6DE5B31}.Release|x86.ActiveCfg = Release|Win32
		{FCF41250-294D-4D4B-A605-98DBE6DE5B31}.Release|x86.Build.0 = Release|Win32
		{4F920D29-FC3F-44CB-9E14-3FA9F64AB109}.Debug|x64.ActiveCfg = Debug|x64
		{4F920D29-FC3F-44CB-9E14-3FA9F64AB109}.Debug|x64.Build.0 = Debug|x64
		{4F920D29-FC3F-44CB-9E14-3FA9F64AB109}.Debug|x86.ActiveCfg = Debug|Win32
		{4F920D29-FC3F-44CB-9E14-3FA9F64AB109}.Debug|x86.Build.0 = Debug|Win32
		{4F920D29-FC3F-44CB-9E14-3FA9F64AB109}.Release|x64.ActiveCfg = Release|x64
		{4F920D29-FC3F-44CB-9E14-3FA9F64AB109}.Release|x64.Build.0 = Release|x64
		{4F920D29-FC3F-44CB-9E14-3FA9F64AB109}.Release|x86.ActiveCfg = Release|Win32
		{4F920D29-FC3F-44CB-9E14-3FA9F64AB109}.Release|x86.Build.0 = Release|Win32
		{57E48198-1ED3-4941-80E2-7A4FB8BF6C87}.Debug|x64.ActiveCfg = Debug|x64
		{57E48198-1ED3-4941-80E2-7A4FB8BF6C87}.Debug|x64.Build.0 = Debug|x64
		{57E48198-1ED3-4941-80E2-7A4FB8BF6C87}.Debug|x86.ActiveCfg = Debug|Win32
		{57E48198-1ED3-4941-80E2-7A4FB8BF6C87}.Debug|x86.Build.0 = Debug|Win32
		{57E48198-1ED3-4941-80E2-7A4FB8BF6C87}.Release|x64.ActiveCfg = Release|x64
		{57E48198-1ED3-4941-80E2-7A4FB8BF6C87}.Release|x64.Build.0 = Release|x64
		{57E48198-1ED3-4941-80E2-7A4FB8BF6C87}.Release|x86.ActiveCfg = Release|Win32
		{57E48198-1ED3-4941-80E2-7A4FB8BF6C87}.Release|x86.Build.0 = Release|Win32
	EndGlobalSection
	GlobalSection(SolutionProperties) = preSolution
		HideSolutionNode = FALSE
	EndGlobalSection
	GlobalSection(ExtensibilityGlobals) = postSolution
		SolutionGuid = {52433A8C-9B20-495C-857E-937119BFCF9F}
	EndGlobalSection
EndGlobal
