
Microsoft Visual Studio Solution File, Format Version 12.00
# Visual Studio Version 16
VisualStudioVersion = 16.0.36227.6
MinimumVisualStudioVersion = 10.0.40219.1
Project("{8BC9CEB8-8B4A-11D0-8D11-00A0C91BC942}") = "Lecture01", "Lecture01\Lecture01.vcxproj", "{0C72E1F7-7414-45F1-93FB-4C20C0F6586A}"
EndProject
Project("{8BC9CEB8-8B4A-11D0-8D11-00A0C91BC942}") = "Lecture02", "Lecture02\Lecture02.vcxproj", "{706B2D70-822F-41F6-9AFB-7D21C1D8A159}"
EndProject
Project("{8BC9CEB8-8B4A-11D0-8D11-00A0C91BC942}") = "Lecture03", "Lecture03\Lecture03.vcxproj", "{26A6B13D-EE1E-47E9-A3A7-42AA795339B5}"
EndProject
Project("{8BC9CEB8-8B4A-11D0-8D11-00A0C91BC942}") = "Lecture04", "Lecture04\Lecture04.vcxproj", "{77BD8EC8-0EB8-47E4-A881-FE363FD49372}"
EndProject
Project("{8BC9CEB8-8B4A-11D0-8D11-00A0C91BC942}") = "Lecture05", "Lecture05\Lecture05.vcxproj", "{DAA137B1-908F-4663-9680-97530C42B6B0}"
EndProject
Project("{8BC9CEB8-8B4A-11D0-8D11-00A0C91BC942}") = "Lecture06", "Lecture06\Lecture06.vcxproj", "{402DEDE8-9405-4BFB-8EEE-B7130F859D0E}"
EndProject
Project("{8BC9CEB8-8B4A-11D0-8D11-00A0C91BC942}") = "Lecture07", "Lecture07\Lecture07.vcxproj", "{3E40BC8C-9B3F-4B16-856B-D28A13E2D6BD}"
EndProject
Project("{8BC9CEB8-8B4A-11D0-8D11-00A0C91BC942}") = "Lecture08", "Lecture08\Lecture08.vcxproj", "{1A7BA43B-9580-4202-A536-42820D75E67B}"
EndProject
Project("{8BC9CEB8-8B4A-11D0-8D11-00A0C91BC942}") = "Lecture09", "Lecture09\Lecture09.vcxproj", "{60A6EA7E-4A77-4C58-8245-DA07781F0123}"
EndProject
Project("{8BC9CEB8-8B4A-11D0-8D11-00A0C91BC942}") = "Lecture10", "Lecture10\Lecture10.vcxproj", "{ABFD4BC3-4B6B-4379-8812-4FE10B8EB516}"
EndProject
Global
	GlobalSection(SolutionConfigurationPlatforms) = preSolution
		Debug|x64 = Debug|x64
		Debug|x86 = Debug|x86
		Release|x64 = Release|x64
		Release|x86 = Release|x86
	EndGlobalSection
	GlobalSection(ProjectConfigurationPlatforms) = postSolution
		{0C72E1F7-7414-45F1-93FB-4C20C0F6586A}.Debug|x64.ActiveCfg = Debug|x64
		{0C72E1F7-7414-45F1-93FB-4C20C0F6586A}.Debug|x64.Build.0 = Debug|x64
		{0C72E1F7-7414-45F1-93FB-4C20C0F6586A}.Debug|x86.ActiveCfg = Debug|Win32
		{0C72E1F7-7414-45F1-93FB-4C20C0F6586A}.Debug|x86.Build.0 = Debug|Win32
		{0C72E1F7-7414-45F1-93FB-4C20C0F6586A}.Release|x64.ActiveCfg = Release|x64
		{0C72E1F7-7414-45F1-93FB-4C20C0F6586A}.Release|x64.Build.0 = Release|x64
		{0C72E1F7-7414-45F1-93FB-4C20C0F6586A}.Release|x86.ActiveCfg = Release|Win32
		{0C72E1F7-7414-45F1-93FB-4C20C0F6586A}.Release|x86.Build.0 = Release|Win32
		{706B2D70-822F-41F6-9AFB-7D21C1D8A159}.Debug|x64.ActiveCfg = Debug|x64
		{706B2D70-822F-41F6-9AFB-7D21C1D8A159}.Debug|x64.Build.0 = Debug|x64
		{706B2D70-822F-41F6-9AFB-7D21C1D8A159}.Debug|x86.ActiveCfg = Debug|Win32
		{706B2D70-822F-41F6-9AFB-7D21C1D8A159}.Debug|x86.Build.0 = Debug|Win32
		{706B2D70-822F-41F6-9AFB-7D21C1D8A159}.Release|x64.ActiveCfg = Release|x64
		{706B2D70-822F-41F6-9AFB-7D21C1D8A159}.Release|x64.Build.0 = Release|x64
		{706B2D70-822F-41F6-9AFB-7D21C1D8A159}.Release|x86.ActiveCfg = Release|Win32
		{706B2D70-822F-41F6-9AFB-7D21C1D8A159}.Release|x86.Build.0 = Release|Win32
		{26A6B13D-EE1E-47E9-A3A7-42AA795339B5}.Debug|x64.ActiveCfg = Debug|x64
		{26A6B13D-EE1E-47E9-A3A7-42AA795339B5}.Debug|x64.Build.0 = Debug|x64
		{26A6B13D-EE1E-47E9-A3A7-42AA795339B5}.Debug|x86.ActiveCfg = Debug|Win32
		{26A6B13D-EE1E-47E9-A3A7-42AA795339B5}.Debug|x86.Build.0 = Debug|Win32
		{26A6B13D-EE1E-47E9-A3A7-42AA795339B5}.Release|x64.ActiveCfg = Release|x64
		{26A6B13D-EE1E-47E9-A3A7-42AA795339B5}.Release|x64.Build.0 = Release|x64
		{26A6B13D-EE1E-47E9-A3A7-42AA795339B5}.Release|x86.ActiveCfg = Release|Win32
		{26A6B13D-EE1E-47E9-A3A7-42AA795339B5}.Release|x86.Build.0 = Release|Win32
		{77BD8EC8-0EB8-47E4-A881-FE363FD49372}.Debug|x64.ActiveCfg = Debug|x64
		{77BD8EC8-0EB8-47E4-A881-FE363FD49372}.Debug|x64.Build.0 = Debug|x64
		{77BD8EC8-0EB8-47E4-A881-FE363FD49372}.Debug|x86.ActiveCfg = Debug|Win32
		{77BD8EC8-0EB8-47E4-A881-FE363FD49372}.Debug|x86.Build.0 = Debug|Win32
		{77BD8EC8-0EB8-47E4-A881-FE363FD49372}.Release|x64.ActiveCfg = Release|x64
		{77BD8EC8-0EB8-47E4-A881-FE363FD49372}.Release|x64.Build.0 = Release|x64
		{77BD8EC8-0EB8-47E4-A881-FE363FD49372}.Release|x86.ActiveCfg = Release|Win32
		{77BD8EC8-0EB8-47E4-A881-FE363FD49372}.Release|x86.Build.0 = Release|Win32
		{DAA137B1-908F-4663-9680-97530C42B6B0}.Debug|x64.ActiveCfg = Debug|x64
		{DAA137B1-908F-4663-9680-97530C42B6B0}.Debug|x64.Build.0 = Debug|x64
		{DAA137B1-908F-4663-9680-97530C42B6B0}.Debug|x86.ActiveCfg = Debug|Win32
		{DAA137B1-908F-4663-9680-97530C42B6B0}.Debug|x86.Build.0 = Debug|Win32
		{DAA137B1-908F-4663-9680-97530C42B6B0}.Release|x64.ActiveCfg = Release|x64
		{DAA137B1-908F-4663-9680-97530C42B6B0}.Release|x64.Build.0 = Release|x64
		{DAA137B1-908F-4663-9680-97530C42B6B0}.Release|x86.ActiveCfg = Release|Win32
		{DAA137B1-908F-4663-9680-97530C42B6B0}.Release|x86.Build.0 = Release|Win32
		{402DEDE8-9405-4BFB-8EEE-B7130F859D0E}.Debug|x64.ActiveCfg = Debug|x64
		{402DEDE8-9405-4BFB-8EEE-B7130F859D0E}.Debug|x64.Build.0 = Debug|x64
		{402DEDE8-9405-4BFB-8EEE-B7130F859D0E}.Debug|x86.ActiveCfg = Debug|Win32
		{402DEDE8-9405-4BFB-8EEE-B7130F859D0E}.Debug|x86.Build.0 = Debug|Win32
		{402DEDE8-9405-4BFB-8EEE-B7130F859D0E}.Release|x64.ActiveCfg = Release|x64
		{402DEDE8-9405-4BFB-8EEE-B7130F859D0E}.Release|x64.Build.0 = Release|x64
		{402DEDE8-9405-4BFB-8EEE-B7130F859D0E}.Release|x86.ActiveCfg = Release|Win32
		{402DEDE8-9405-4BFB-8EEE-B7130F859D0E}.Release|x86.Build.0 = Release|Win32
		{3E40BC8C-9B3F-4B16-856B-D28A13E2D6BD}.Debug|x64.ActiveCfg = Debug|x64
		{3E40BC8C-9B3F-4B16-856B-D28A13E2D6BD}.Debug|x64.Build.0 = Debug|x64
		{3E40BC8C-9B3F-4B16-856B-D28A13E2D6BD}.Debug|x86.ActiveCfg = Debug|Win32
		{3E40BC8C-9B3F-4B16-856B-D28A13E2D6BD}.Debug|x86.Build.0 = Debug|Win32
		{3E40BC8C-9B3F-4B16-856B-D28A13E2D6BD}.Release|x64.ActiveCfg = Release|x64
		{3E40BC8C-9B3F-4B16-856B-D28A13E2D6BD}.Release|x64.Build.0 = Release|x64
		{3E40BC8C-9B3F-4B16-856B-D28A13E2D6BD}.Release|x86.ActiveCfg = Release|Win32
		{3E40BC8C-9B3F-4B16-856B-D28A13E2D6BD}.Release|x86.Build.0 = Release|Win32
		{1A7BA43B-9580-4202-A536-42820D75E67B}.Debug|x64.ActiveCfg = Debug|x64
		{1A7BA43B-9580-4202-A536-42820D75E67B}.Debug|x64.Build.0 = Debug|x64
		{1A7BA43B-9580-4202-A536-42820D75E67B}.Debug|x86.ActiveCfg = Debug|Win32
		{1A7BA43B-9580-4202-A536-42820D75E67B}.Debug|x86.Build.0 = Debug|Win32
		{1A7BA43B-9580-4202-A536-42820D75E67B}.Release|x64.ActiveCfg = Release|x64
		{1A7BA43B-9580-4202-A536-42820D75E67B}.Release|x64.Build.0 = Release|x64
		{1A7BA43B-9580-4202-A536-42820D75E67B}.Release|x86.ActiveCfg = Release|Win32
		{1A7BA43B-9580-4202-A536-42820D75E67B}.Release|x86.Build.0 = Release|Win32
		{60A6EA7E-4A77-4C58-8245-DA07781F0123}.Debug|x64.ActiveCfg = Debug|x64
		{60A6EA7E-4A77-4C58-8245-DA07781F0123}.Debug|x64.Build.0 = Debug|x64
		{60A6EA7E-4A77-4C58-8245-DA07781F0123}.Debug|x86.ActiveCfg = Debug|Win32
		{60A6EA7E-4A77-4C58-8245-DA07781F0123}.Debug|x86.Build.0 = Debug|Win32
		{60A6EA7E-4A77-4C58-8245-DA07781F0123}.Release|x64.ActiveCfg = Release|x64
		{60A6EA7E-4A77-4C58-8245-DA07781F0123}.Release|x64.Build.0 = Release|x64
		{60A6EA7E-4A77-4C58-8245-DA07781F0123}.Release|x86.ActiveCfg = Release|Win32
		{60A6EA7E-4A77-4C58-8245-DA07781F0123}.Release|x86.Build.0 = Release|Win32
		{ABFD4BC3-4B6B-4379-8812-4FE10B8EB516}.Debug|x64.ActiveCfg = Debug|x64
		{ABFD4BC3-4B6B-4379-8812-4FE10B8EB516}.Debug|x64.Build.0 = Debug|x64
		{ABFD4BC3-4B6B-4379-8812-4FE10B8EB516}.Debug|x86.ActiveCfg = Debug|Win32
		{ABFD4BC3-4B6B-4379-8812-4FE10B8EB516}.Debug|x86.Build.0 = Debug|Win32
		{ABFD4BC3-4B6B-4379-8812-4FE10B8EB516}.Release|x64.ActiveCfg = Release|x64
		{ABFD4BC3-4B6B-4379-8812-4FE10B8EB516}.Release|x64.Build.0 = Release|x64
		{ABFD4BC3-4B6B-4379-8812-4FE10B8EB516}.Release|x86.ActiveCfg = Release|Win32
		{ABFD4BC3-4B6B-4379-8812-4FE10B8EB516}.Release|x86.Build.0 = Release|Win32
	EndGlobalSection
	GlobalSection(SolutionProperties) = preSolution
		HideSolutionNode = FALSE
	EndGlobalSection
	GlobalSection(ExtensibilityGlobals) = postSolution
		SolutionGuid = {DF36BFA4-AF50-4D8E-944E-40CE65C52279}
	EndGlobalSection
EndGlobal
